
Microsoft Visual Studio Solution File, Format Version 12.00
# Visual Studio Version 17
VisualStudioVersion = 17.2.32519.379
MinimumVisualStudioVersion = 10.0.40219.1
Project("{FAE04EC0-301F-11D3-BF4B-00C04F79EFBC}") = "Session_Tutorial_01", "Session_Tutorial_01\Session_Tutorial_01.csproj", "{2BF1090C-B38E-4032-AC33-7889703F5284}"
EndProject
Global
	GlobalSection(SolutionConfigurationPlatforms) = preSolution
		Debug|Any CPU = Debug|Any CPU
		Release|Any CPU = Release|Any CPU
	EndGlobalSection
	GlobalSection(ProjectConfigurationPlatforms) = postSolution
		{2BF1090C-B38E-4032-AC33-7889703F5284}.Debug|Any CPU.ActiveCfg = Debug|Any CPU
		{2BF1090C-B38E-4032-AC33-7889703F5284}.Debug|Any CPU.Build.0 = Debug|Any CPU
		{2BF1090C-B38E-4032-AC33-7889703F5284}.Release|Any CPU.ActiveCfg = Release|Any CPU
		{2BF1090C-B38E-4032-AC33-7889703F5284}.Release|Any CPU.Build.0 = Release|Any CPU
	EndGlobalSection
	GlobalSection(SolutionProperties) = preSolution
		HideSolutionNode = FALSE
	EndGlobalSection
	GlobalSection(ExtensibilityGlobals) = postSolution
		SolutionGuid = {EAE67EF7-F395-453F-AF74-84ADF3E3ED2B}
	EndGlobalSection
EndGlobal
