
Microsoft Visual Studio Solution File, Format Version 12.00
# Visual Studio Version 16
VisualStudioVersion = 16.0.32510.428
MinimumVisualStudioVersion = 10.0.40219.1
Project("{FAE04EC0-301F-11D3-BF4B-00C04F79EFBC}") = "MVCDemo2", "MVCDemo2\MVCDemo2.csproj", "{86F2A3CD-1F4C-4189-B5AD-13AB30E2D13B}"
EndProject
Global
	GlobalSection(SolutionConfigurationPlatforms) = preSolution
		Debug|Any CPU = Debug|Any CPU
		Release|Any CPU = Release|Any CPU
	EndGlobalSection
	GlobalSection(ProjectConfigurationPlatforms) = postSolution
		{86F2A3CD-1F4C-4189-B5AD-13AB30E2D13B}.Debug|Any CPU.ActiveCfg = Debug|Any CPU
		{86F2A3CD-1F4C-4189-B5AD-13AB30E2D13B}.Debug|Any CPU.Build.0 = Debug|Any CPU
		{86F2A3CD-1F4C-4189-B5AD-13AB30E2D13B}.Release|Any CPU.ActiveCfg = Release|Any CPU
		{86F2A3CD-1F4C-4189-B5AD-13AB30E2D13B}.Release|Any CPU.Build.0 = Release|Any CPU
	EndGlobalSection
	GlobalSection(SolutionProperties) = preSolution
		HideSolutionNode = FALSE
	EndGlobalSection
	GlobalSection(ExtensibilityGlobals) = postSolution
		SolutionGuid = {8721CA2E-0285-4350-9932-E2E9984CCD00}
	EndGlobalSection
EndGlobal
